
Microsoft Visual Studio Solution File, Format Version 12.00
# Visual Studio 15
Project("{FAE04EC0-301F-11D3-BF4B-00C04F79EFBC}") = "Assembly-CSharp", "Assembly-CSharp.csproj", "{A9EB3B24-3F96-58A9-54EA-1AADC52F5462}"
EndProject
Project("{FAE04EC0-301F-11D3-BF4B-00C04F79EFBC}") = "Assembly-CSharp-Editor", "Assembly-CSharp-Editor.csproj", "{385E9292-D970-56C5-F966-9D2549041200}"
EndProject
Global
	GlobalSection(SolutionConfigurationPlatforms) = preSolution
		Debug|Any CPU = Debug|Any CPU
		Release|Any CPU = Release|Any CPU
	EndGlobalSection
	GlobalSection(ProjectConfigurationPlatforms) = postSolution
		{A9EB3B24-3F96-58A9-54EA-1AADC52F5462}.Debug|Any CPU.ActiveCfg = Debug|Any CPU
		{A9EB3B24-3F96-58A9-54EA-1AADC52F5462}.Debug|Any CPU.Build.0 = Debug|Any CPU
		{A9EB3B24-3F96-58A9-54EA-1AADC52F5462}.Release|Any CPU.ActiveCfg = Release|Any CPU
		{A9EB3B24-3F96-58A9-54EA-1AADC52F5462}.Release|Any CPU.Build.0 = Release|Any CPU
		{385E9292-D970-56C5-F966-9D2549041200}.Debug|Any CPU.ActiveCfg = Debug|Any CPU
		{385E9292-D970-56C5-F966-9D2549041200}.Debug|Any CPU.Build.0 = Debug|Any CPU
		{385E9292-D970-56C5-F966-9D2549041200}.Release|Any CPU.ActiveCfg = Release|Any CPU
		{385E9292-D970-56C5-F966-9D2549041200}.Release|Any CPU.Build.0 = Release|Any CPU
	EndGlobalSection
	GlobalSection(SolutionProperties) = preSolution
		HideSolutionNode = FALSE
	EndGlobalSection
EndGlobal
